
Microsoft Visual Studio Solution File, Format Version 12.00
# Visual Studio Version 16
VisualStudioVersion = 16.0.29230.47
MinimumVisualStudioVersion = 10.0.40219.1
Project("{FAE04EC0-301F-11D3-BF4B-00C04F79EFBC}") = "ConsoleAppLabLesson", "ConsoleAppLabLesson\ConsoleAppLabLesson.csproj", "{30B19D2A-BC44-4817-A311-0581956E424A}"
EndProject
Project("{FAE04EC0-301F-11D3-BF4B-00C04F79EFBC}") = "ConsoleAppLabEx2", "ConsoleAppLabEx2\ConsoleAppLabEx2.csproj", "{D0CF0D45-945B-4C91-84CE-A1F54CA6B855}"
EndProject
Project("{FAE04EC0-301F-11D3-BF4B-00C04F79EFBC}") = "ConsoleAppLabEx3", "ConsoleAppLabEx3\ConsoleAppLabEx3.csproj", "{B37FEF14-21C6-485A-9ACA-5E6ECD0F5C14}"
EndProject
Global
	GlobalSection(SolutionConfigurationPlatforms) = preSolution
		Debug|Any CPU = Debug|Any CPU
		Release|Any CPU = Release|Any CPU
	EndGlobalSection
	GlobalSection(ProjectConfigurationPlatforms) = postSolution
		{30B19D2A-BC44-4817-A311-0581956E424A}.Debug|Any CPU.ActiveCfg = Debug|Any CPU
		{30B19D2A-BC44-4817-A311-0581956E424A}.Debug|Any CPU.Build.0 = Debug|Any CPU
		{30B19D2A-BC44-4817-A311-0581956E424A}.Release|Any CPU.ActiveCfg = Release|Any CPU
		{30B19D2A-BC44-4817-A311-0581956E424A}.Release|Any CPU.Build.0 = Release|Any CPU
		{D0CF0D45-945B-4C91-84CE-A1F54CA6B855}.Debug|Any CPU.ActiveCfg = Debug|Any CPU
		{D0CF0D45-945B-4C91-84CE-A1F54CA6B855}.Debug|Any CPU.Build.0 = Debug|Any CPU
		{D0CF0D45-945B-4C91-84CE-A1F54CA6B855}.Release|Any CPU.ActiveCfg = Release|Any CPU
		{D0CF0D45-945B-4C91-84CE-A1F54CA6B855}.Release|Any CPU.Build.0 = Release|Any CPU
		{B37FEF14-21C6-485A-9ACA-5E6ECD0F5C14}.Debug|Any CPU.ActiveCfg = Debug|Any CPU
		{B37FEF14-21C6-485A-9ACA-5E6ECD0F5C14}.Debug|Any CPU.Build.0 = Debug|Any CPU
		{B37FEF14-21C6-485A-9ACA-5E6ECD0F5C14}.Release|Any CPU.ActiveCfg = Release|Any CPU
		{B37FEF14-21C6-485A-9ACA-5E6ECD0F5C14}.Release|Any CPU.Build.0 = Release|Any CPU
	EndGlobalSection
	GlobalSection(SolutionProperties) = preSolution
		HideSolutionNode = FALSE
	EndGlobalSection
	GlobalSection(ExtensibilityGlobals) = postSolution
		SolutionGuid = {7F76C07A-F8E0-49E2-9C9D-9B6807459F67}
	EndGlobalSection
EndGlobal
